// !$*UTF8*$!
{
	archiveVersion = 1;
	classes = {
	};
	objectVersion = 46;
	objects = {

/* Begin PBXBuildFile section */
		40739E0713ABC0D0007B2BAD /* Cocoa.framework in Frameworks */ = {isa = PBXBuildFile; fileRef = 40739E0613ABC0D0007B2BAD /* Cocoa.framework */; };
		40739E1113ABC0D1007B2BAD /* InfoPlist.strings in Resources */ = {isa = PBXBuildFile; fileRef = 40739E0F13ABC0D1007B2BAD /* InfoPlist.strings */; };
		40739E1413ABC0D1007B2BAD /* main.m in Sources */ = {isa = PBXBuildFile; fileRef = 40739E1313ABC0D1007B2BAD /* main.m */; };
		40739E1713ABC0D1007B2BAD /* Credits.rtf in Resources */ = {isa = PBXBuildFile; fileRef = 40739E1513ABC0D1007B2BAD /* Credits.rtf */; };
		40739E1A13ABC0D1007B2BAD /* Album_PlayerAppDelegate.m in Sources */ = {isa = PBXBuildFile; fileRef = 40739E1913ABC0D1007B2BAD /* Album_PlayerAppDelegate.m */; };
		40739E1D13ABC0D1007B2BAD /* MainMenu.xib in Resources */ = {isa = PBXBuildFile; fileRef = 40739E1B13ABC0D1007B2BAD /* MainMenu.xib */; };
		40739E2513ABC11E007B2BAD /* Album.m in Sources */ = {isa = PBXBuildFile; fileRef = 40739E2413ABC11E007B2BAD /* Album.m */; };
		40739E2913ABC133007B2BAD /* AlbumList.m in Sources */ = {isa = PBXBuildFile; fileRef = 40739E2813ABC133007B2BAD /* AlbumList.m */; };
		40739E2C13ABD7DD007B2BAD /* AlbumCollectionViewItem.m in Sources */ = {isa = PBXBuildFile; fileRef = 40739E2B13ABD7DD007B2BAD /* AlbumCollectionViewItem.m */; };
		40739E3913ABED72007B2BAD /* QTKit.framework in Frameworks */ = {isa = PBXBuildFile; fileRef = 40739E3813ABED72007B2BAD /* QTKit.framework */; };
		40739E3B13ABEFE9007B2BAD /* QuickLook.framework in Frameworks */ = {isa = PBXBuildFile; fileRef = 40739E3A13ABEFE9007B2BAD /* QuickLook.framework */; };
		40739E4213ABF03F007B2BAD /* NSImage+QuickLook.m in Sources */ = {isa = PBXBuildFile; fileRef = 40739E3F13ABF03F007B2BAD /* NSImage+QuickLook.m */; };
		40739E4313ABF03F007B2BAD /* README.rtf in Resources */ = {isa = PBXBuildFile; fileRef = 40739E4013ABF03F007B2BAD /* README.rtf */; };
		40739E4413ABF03F007B2BAD /* Source Code License.rtf in Resources */ = {isa = PBXBuildFile; fileRef = 40739E4113ABF03F007B2BAD /* Source Code License.rtf */; };
/* End PBXBuildFile section */

/* Begin PBXFileReference section */
		40739E0213ABC0D0007B2BAD /* Album Player.app */ = {isa = PBXFileReference; explicitFileType = wrapper.application; includeInIndex = 0; path = "Album Player.app"; sourceTree = BUILT_PRODUCTS_DIR; };
		40739E0613ABC0D0007B2BAD /* Cocoa.framework */ = {isa = PBXFileReference; lastKnownFileType = wrapper.framework; name = Cocoa.framework; path = System/Library/Frameworks/Cocoa.framework; sourceTree = SDKROOT; };
		40739E0913ABC0D0007B2BAD /* AppKit.framework */ = {isa = PBXFileReference; lastKnownFileType = wrapper.framework; name = AppKit.framework; path = System/Library/Frameworks/AppKit.framework; sourceTree = SDKROOT; };
		40739E0A13ABC0D0007B2BAD /* CoreData.framework */ = {isa = PBXFileReference; lastKnownFileType = wrapper.framework; name = CoreData.framework; path = System/Library/Frameworks/CoreData.framework; sourceTree = SDKROOT; };
		40739E0B13ABC0D0007B2BAD /* Foundation.framework */ = {isa = PBXFileReference; lastKnownFileType = wrapper.framework; name = Foundation.framework; path = System/Library/Frameworks/Foundation.framework; sourceTree = SDKROOT; };
		40739E0E13ABC0D1007B2BAD /* Album Player-Info.plist */ = {isa = PBXFileReference; lastKnownFileType = text.plist.xml; path = "Album Player-Info.plist"; sourceTree = "<group>"; };
		40739E1013ABC0D1007B2BAD /* en */ = {isa = PBXFileReference; lastKnownFileType = text.plist.strings; name = en; path = en.lproj/InfoPlist.strings; sourceTree = "<group>"; };
		40739E1213ABC0D1007B2BAD /* Album Player-Prefix.pch */ = {isa = PBXFileReference; lastKnownFileType = sourcecode.c.h; path = "Album Player-Prefix.pch"; sourceTree = "<group>"; };
		40739E1313ABC0D1007B2BAD /* main.m */ = {isa = PBXFileReference; lastKnownFileType = sourcecode.c.objc; path = main.m; sourceTree = "<group>"; };
		40739E1613ABC0D1007B2BAD /* en */ = {isa = PBXFileReference; lastKnownFileType = text.rtf; name = en; path = en.lproj/Credits.rtf; sourceTree = "<group>"; };
		40739E1813ABC0D1007B2BAD /* Album_PlayerAppDelegate.h */ = {isa = PBXFileReference; lastKnownFileType = sourcecode.c.h; path = Album_PlayerAppDelegate.h; sourceTree = "<group>"; };
		40739E1913ABC0D1007B2BAD /* Album_PlayerAppDelegate.m */ = {isa = PBXFileReference; lastKnownFileType = sourcecode.c.objc; path = Album_PlayerAppDelegate.m; sourceTree = "<group>"; };
		40739E1C13ABC0D1007B2BAD /* en */ = {isa = PBXFileReference; lastKnownFileType = file.xib; name = en; path = en.lproj/MainMenu.xib; sourceTree = "<group>"; };
		40739E2313ABC11E007B2BAD /* Album.h */ = {isa = PBXFileReference; fileEncoding = 4; lastKnownFileType = sourcecode.c.h; path = Album.h; sourceTree = "<group>"; };
		40739E2413ABC11E007B2BAD /* Album.m */ = {isa = PBXFileReference; fileEncoding = 4; lastKnownFileType = sourcecode.c.objc; path = Album.m; sourceTree = "<group>"; };
		40739E2713ABC133007B2BAD /* AlbumList.h */ = {isa = PBXFileReference; fileEncoding = 4; lastKnownFileType = sourcecode.c.h; path = AlbumList.h; sourceTree = "<group>"; };
		40739E2813ABC133007B2BAD /* AlbumList.m */ = {isa = PBXFileReference; fileEncoding = 4; lastKnownFileType = sourcecode.c.objc; path = AlbumList.m; sourceTree = "<group>"; };
		40739E2A13ABD7DD007B2BAD /* AlbumCollectionViewItem.h */ = {isa = PBXFileReference; fileEncoding = 4; lastKnownFileType = sourcecode.c.h; path = AlbumCollectionViewItem.h; sourceTree = "<group>"; };
		40739E2B13ABD7DD007B2BAD /* AlbumCollectionViewItem.m */ = {isa = PBXFileReference; fileEncoding = 4; lastKnownFileType = sourcecode.c.objc; path = AlbumCollectionViewItem.m; sourceTree = "<group>"; };
		40739E3813ABED72007B2BAD /* QTKit.framework */ = {isa = PBXFileReference; lastKnownFileType = wrapper.framework; name = QTKit.framework; path = ../../../../../System/Library/Frameworks/QTKit.framework; sourceTree = "<group>"; };
		40739E3A13ABEFE9007B2BAD /* QuickLook.framework */ = {isa = PBXFileReference; lastKnownFileType = wrapper.framework; name = QuickLook.framework; path = ../../../../../System/Library/Frameworks/QuickLook.framework; sourceTree = "<group>"; };
		40739E3E13ABF03F007B2BAD /* NSImage+QuickLook.h */ = {isa = PBXFileReference; fileEncoding = 4; lastKnownFileType = sourcecode.c.h; path = "NSImage+QuickLook.h"; sourceTree = "<group>"; };
		40739E3F13ABF03F007B2BAD /* NSImage+QuickLook.m */ = {isa = PBXFileReference; fileEncoding = 4; lastKnownFileType = sourcecode.c.objc; path = "NSImage+QuickLook.m"; sourceTree = "<group>"; };
		40739E4013ABF03F007B2BAD /* README.rtf */ = {isa = PBXFileReference; fileEncoding = 4; lastKnownFileType = text.rtf; path = README.rtf; sourceTree = "<group>"; };
		40739E4113ABF03F007B2BAD /* Source Code License.rtf */ = {isa = PBXFileReference; fileEncoding = 4; lastKnownFileType = text.rtf; path = "Source Code License.rtf"; sourceTree = "<group>"; };
/* End PBXFileReference section */

/* Begin PBXFrameworksBuildPhase section */
		40739DFF13ABC0CF007B2BAD /* Frameworks */ = {
			isa = PBXFrameworksBuildPhase;
			buildActionMask = 2147483647;
			files = (
				40739E0713ABC0D0007B2BAD /* Cocoa.framework in Frameworks */,
				40739E3913ABED72007B2BAD /* QTKit.framework in Frameworks */,
				40739E3B13ABEFE9007B2BAD /* QuickLook.framework in Frameworks */,
			);
			runOnlyForDeploymentPostprocessing = 0;
		};
/* End PBXFrameworksBuildPhase section */

/* Begin PBXGroup section */
		40739DF713ABC0CF007B2BAD = {
			isa = PBXGroup;
			children = (
				40739E0C13ABC0D0007B2BAD /* Album Player */,
				40739E0513ABC0D0007B2BAD /* Frameworks */,
				40739E0313ABC0D0007B2BAD /* Products */,
			);
			sourceTree = "<group>";
		};
		40739E0313ABC0D0007B2BAD /* Products */ = {
			isa = PBXGroup;
			children = (
				40739E0213ABC0D0007B2BAD /* Album Player.app */,
			);
			name = Products;
			sourceTree = "<group>";
		};
		40739E0513ABC0D0007B2BAD /* Frameworks */ = {
			isa = PBXGroup;
			children = (
				40739E0613ABC0D0007B2BAD /* Cocoa.framework */,
				40739E0913ABC0D0007B2BAD /* AppKit.framework */,
				40739E0A13ABC0D0007B2BAD /* CoreData.framework */,
				40739E0B13ABC0D0007B2BAD /* Foundation.framework */,
				40739E3813ABED72007B2BAD /* QTKit.framework */,
				40739E3A13ABEFE9007B2BAD /* QuickLook.framework */,
			);
			name = Frameworks;
			sourceTree = "<group>";
		};
		40739E0C13ABC0D0007B2BAD /* Album Player */ = {
			isa = PBXGroup;
			children = (
				40739E2613ABC122007B2BAD /* Model */,
				40739E2D13ABD7E5007B2BAD /* View */,
				40739E1813ABC0D1007B2BAD /* Album_PlayerAppDelegate.h */,
				40739E1913ABC0D1007B2BAD /* Album_PlayerAppDelegate.m */,
				40739E1B13ABC0D1007B2BAD /* MainMenu.xib */,
				40739E3D13ABF03F007B2BAD /* NSImageQuickLook */,
				40739E0D13ABC0D1007B2BAD /* Supporting Files */,
			);
			path = "Album Player";
			sourceTree = "<group>";
		};
		40739E0D13ABC0D1007B2BAD /* Supporting Files */ = {
			isa = PBXGroup;
			children = (
				40739E0E13ABC0D1007B2BAD /* Album Player-Info.plist */,
				40739E0F13ABC0D1007B2BAD /* InfoPlist.strings */,
				40739E1213ABC0D1007B2BAD /* Album Player-Prefix.pch */,
				40739E1313ABC0D1007B2BAD /* main.m */,
				40739E1513ABC0D1007B2BAD /* Credits.rtf */,
			);
			name = "Supporting Files";
			sourceTree = "<group>";
		};
		40739E2613ABC122007B2BAD /* Model */ = {
			isa = PBXGroup;
			children = (
				40739E2313ABC11E007B2BAD /* Album.h */,
				40739E2413ABC11E007B2BAD /* Album.m */,
				40739E2713ABC133007B2BAD /* AlbumList.h */,
				40739E2813ABC133007B2BAD /* AlbumList.m */,
			);
			name = Model;
			sourceTree = "<group>";
		};
		40739E2D13ABD7E5007B2BAD /* View */ = {
			isa = PBXGroup;
			children = (
				40739E2A13ABD7DD007B2BAD /* AlbumCollectionViewItem.h */,
				40739E2B13ABD7DD007B2BAD /* AlbumCollectionViewItem.m */,
			);
			name = View;
			sourceTree = "<group>";
		};
		40739E3D13ABF03F007B2BAD /* NSImageQuickLook */ = {
			isa = PBXGroup;
			children = (
				40739E3E13ABF03F007B2BAD /* NSImage+QuickLook.h */,
				40739E3F13ABF03F007B2BAD /* NSImage+QuickLook.m */,
				40739E4013ABF03F007B2BAD /* README.rtf */,
				40739E4113ABF03F007B2BAD /* Source Code License.rtf */,
			);
			path = NSImageQuickLook;
			sourceTree = "<group>";
		};
/* End PBXGroup section */

/* Begin PBXNativeTarget section */
		40739E0113ABC0CF007B2BAD /* Album Player */ = {
			isa = PBXNativeTarget;
			buildConfigurationList = 40739E2013ABC0D1007B2BAD /* Build configuration list for PBXNativeTarget "Album Player" */;
			buildPhases = (
				40739DFE13ABC0CF007B2BAD /* Sources */,
				40739DFF13ABC0CF007B2BAD /* Frameworks */,
				40739E0013ABC0CF007B2BAD /* Resources */,
			);
			buildRules = (
			);
			dependencies = (
			);
			name = "Album Player";
			productName = "Album Player";
			productReference = 40739E0213ABC0D0007B2BAD /* Album Player.app */;
			productType = "com.apple.product-type.application";
		};
/* End PBXNativeTarget section */

/* Begin PBXProject section */
		40739DF913ABC0CF007B2BAD /* Project object */ = {
			isa = PBXProject;
			attributes = {
				ORGANIZATIONNAME = "Figure 53";
			};
			buildConfigurationList = 40739DFC13ABC0CF007B2BAD /* Build configuration list for PBXProject "Album Player" */;
			compatibilityVersion = "Xcode 3.2";
			developmentRegion = English;
			hasScannedForEncodings = 0;
			knownRegions = (
				en,
			);
			mainGroup = 40739DF713ABC0CF007B2BAD;
			productRefGroup = 40739E0313ABC0D0007B2BAD /* Products */;
			projectDirPath = "";
			projectRoot = "";
			targets = (
				40739E0113ABC0CF007B2BAD /* Album Player */,
			);
		};
/* End PBXProject section */

/* Begin PBXResourcesBuildPhase section */
		40739E0013ABC0CF007B2BAD /* Resources */ = {
			isa = PBXResourcesBuildPhase;
			buildActionMask = 2147483647;
			files = (
				40739E1113ABC0D1007B2BAD /* InfoPlist.strings in Resources */,
				40739E1713ABC0D1007B2BAD /* Credits.rtf in Resources */,
				40739E1D13ABC0D1007B2BAD /* MainMenu.xib in Resources */,
				40739E4313ABF03F007B2BAD /* README.rtf in Resources */,
				40739E4413ABF03F007B2BAD /* Source Code License.rtf in Resources */,
			);
			runOnlyForDeploymentPostprocessing = 0;
		};
/* End PBXResourcesBuildPhase section */

/* Begin PBXSourcesBuildPhase section */
		40739DFE13ABC0CF007B2BAD /* Sources */ = {
			isa = PBXSourcesBuildPhase;
			buildActionMask = 2147483647;
			files = (
				40739E1413ABC0D1007B2BAD /* main.m in Sources */,
				40739E1A13ABC0D1007B2BAD /* Album_PlayerAppDelegate.m in Sources */,
				40739E2513ABC11E007B2BAD /* Album.m in Sources */,
				40739E2913ABC133007B2BAD /* AlbumList.m in Sources */,
				40739E2C13ABD7DD007B2BAD /* AlbumCollectionViewItem.m in Sources */,
				40739E4213ABF03F007B2BAD /* NSImage+QuickLook.m in Sources */,
			);
			runOnlyForDeploymentPostprocessing = 0;
		};
/* End PBXSourcesBuildPhase section */

/* Begin PBXVariantGroup section */
		40739E0F13ABC0D1007B2BAD /* InfoPlist.strings */ = {
			isa = PBXVariantGroup;
			children = (
				40739E1013ABC0D1007B2BAD /* en */,
			);
			name = InfoPlist.strings;
			sourceTree = "<group>";
		};
		40739E1513ABC0D1007B2BAD /* Credits.rtf */ = {
			isa = PBXVariantGroup;
			children = (
				40739E1613ABC0D1007B2BAD /* en */,
			);
			name = Credits.rtf;
			sourceTree = "<group>";
		};
		40739E1B13ABC0D1007B2BAD /* MainMenu.xib */ = {
			isa = PBXVariantGroup;
			children = (
				40739E1C13ABC0D1007B2BAD /* en */,
			);
			name = MainMenu.xib;
			sourceTree = "<group>";
		};
/* End PBXVariantGroup section */

/* Begin XCBuildConfiguration section */
		40739E1E13ABC0D1007B2BAD /* Debug */ = {
			isa = XCBuildConfiguration;
			buildSettings = {
				ARCHS = "$(ARCHS_STANDARD_32_64_BIT)";
				GCC_C_LANGUAGE_STANDARD = gnu99;
				GCC_OPTIMIZATION_LEVEL = 0;
				GCC_PREPROCESSOR_DEFINITIONS = DEBUG;
				GCC_SYMBOLS_PRIVATE_EXTERN = NO;
				GCC_VERSION = com.apple.compilers.llvm.clang.1_0;
				GCC_WARN_64_TO_32_BIT_CONVERSION = YES;
				GCC_WARN_ABOUT_RETURN_TYPE = YES;
				GCC_WARN_UNUSED_VARIABLE = YES;
				MACOSX_DEPLOYMENT_TARGET = 10.6;
				ONLY_ACTIVE_ARCH = YES;
				SDKROOT = macosx;
			};
			name = Debug;
		};
		40739E1F13ABC0D1007B2BAD /* Release */ = {
			isa = XCBuildConfiguration;
			buildSettings = {
				ARCHS = "$(ARCHS_STANDARD_32_64_BIT)";
				GCC_C_LANGUAGE_STANDARD = gnu99;
				GCC_VERSION = com.apple.compilers.llvm.clang.1_0;
				GCC_WARN_64_TO_32_BIT_CONVERSION = YES;
				GCC_WARN_ABOUT_RETURN_TYPE = YES;
				GCC_WARN_UNUSED_VARIABLE = YES;
				MACOSX_DEPLOYMENT_TARGET = 10.6;
				SDKROOT = macosx;
			};
			name = Release;
		};
		40739E2113ABC0D1007B2BAD /* Debug */ = {
			isa = XCBuildConfiguration;
			buildSettings = {
				ALWAYS_SEARCH_USER_PATHS = NO;
				COPY_PHASE_STRIP = NO;
				GCC_DYNAMIC_NO_PIC = NO;
				GCC_ENABLE_OBJC_EXCEPTIONS = YES;
				GCC_PRECOMPILE_PREFIX_HEADER = YES;
				GCC_PREFIX_HEADER = "Album Player/Album Player-Prefix.pch";
				INFOPLIST_FILE = "Album Player/Album Player-Info.plist";
				PRODUCT_NAME = "$(TARGET_NAME)";
				WRAPPER_EXTENSION = app;
			};
			name = Debug;
		};
		40739E2213ABC0D1007B2BAD /* Release */ = {
			isa = XCBuildConfiguration;
			buildSettings = {
				ALWAYS_SEARCH_USER_PATHS = NO;
				COPY_PHASE_STRIP = YES;
				DEBUG_INFORMATION_FORMAT = "dwarf-with-dsym";
				GCC_ENABLE_OBJC_EXCEPTIONS = YES;
				GCC_PRECOMPILE_PREFIX_HEADER = YES;
				GCC_PREFIX_HEADER = "Album Player/Album Player-Prefix.pch";
				INFOPLIST_FILE = "Album Player/Album Player-Info.plist";
				PRODUCT_NAME = "$(TARGET_NAME)";
				WRAPPER_EXTENSION = app;
			};
			name = Release;
		};
/* End XCBuildConfiguration section */

/* Begin XCConfigurationList section */
		40739DFC13ABC0CF007B2BAD /* Build configuration list for PBXProject "Album Player" */ = {
			isa = XCConfigurationList;
			buildConfigurations = (
				40739E1E13ABC0D1007B2BAD /* Debug */,
				40739E1F13ABC0D1007B2BAD /* Release */,
			);
			defaultConfigurationIsVisible = 0;
			defaultConfigurationName = Release;
		};
		40739E2013ABC0D1007B2BAD /* Build configuration list for PBXNativeTarget "Album Player" */ = {
			isa = XCConfigurationList;
			buildConfigurations = (
				40739E2113ABC0D1007B2BAD /* Debug */,
				40739E2213ABC0D1007B2BAD /* Release */,
			);
			defaultConfigurationIsVisible = 0;
		};
/* End XCConfigurationList section */
	};
	rootObject = 40739DF913ABC0CF007B2BAD /* Project object */;
}
